PODS:
  - OpenTok (2.9.2)
  - React (0.40.0):
    - React/Core (= 0.40.0)
  - react-native-opentok (0.0.1):
    - OpenTok
    - React
  - React/Core (0.40.0):
    - React/cxxreact
    - React/yoga
  - React/cxxreact (0.40.0):
    - React/jschelpers
  - React/jschelpers (0.40.0)
  - React/yoga (0.40.0)

DEPENDENCIES:
  - React (from `../node_modules/react-native`)
  - react-native-opentok (from `../../../`)

EXTERNAL SOURCES:
  React:
    :path: ../node_modules/react-native
  react-native-opentok:
    :path: ../../../

SPEC CHECKSUMS:
  OpenTok: aa00296d8c48972cbbd18e2e3954955ea6fb9501
  React: 6dfb2f72edb1d74a800127ae157af038646673ce
  react-native-opentok: 8041d8ce3037729e0f18e571fc8e6c8889623b9d

PODFILE CHECKSUM: 5b84c68abab1c1f6ab7c0d3e048ef5e7d12fc71b

COCOAPODS: 1.1.1
